
Microsoft Visual Studio Solution File, Format Version 12.00
# Visual Studio Version 16
VisualStudioVersion = 16.0.31624.102
MinimumVisualStudioVersion = 10.0.40219.1
Project("{FAE04EC0-301F-11D3-BF4B-00C04F79EFBC}") = "Lab13", "Lab13\Lab13.csproj", "{5EFDEA6D-8FB4-4DFF-B2B6-B9F0CD5ED066}"
EndProject
Global
	GlobalSection(SolutionConfigurationPlatforms) = preSolution
		Debug|Any CPU = Debug|Any CPU
		Release|Any CPU = Release|Any CPU
	EndGlobalSection
	GlobalSection(ProjectConfigurationPlatforms) = postSolution
		{5EFDEA6D-8FB4-4DFF-B2B6-B9F0CD5ED066}.Debug|Any CPU.ActiveCfg = Debug|Any CPU
		{5EFDEA6D-8FB4-4DFF-B2B6-B9F0CD5ED066}.Debug|Any CPU.Build.0 = Debug|Any CPU
		{5EFDEA6D-8FB4-4DFF-B2B6-B9F0CD5ED066}.Release|Any CPU.ActiveCfg = Release|Any CPU
		{5EFDEA6D-8FB4-4DFF-B2B6-B9F0CD5ED066}.Release|Any CPU.Build.0 = Release|Any CPU
	EndGlobalSection
	GlobalSection(SolutionProperties) = preSolution
		HideSolutionNode = FALSE
	EndGlobalSection
	GlobalSection(ExtensibilityGlobals) = postSolution
		SolutionGuid = {6404E859-5C7C-4970-B2A3-9E4B9B42B0A7}
	EndGlobalSection
EndGlobal
